
Microsoft Visual Studio Solution File, Format Version 12.00
# Visual Studio 2012
Project("{8BC9CEB8-8B4A-11D0-8D11-00A0C91BC942}") = "SHAPgA3v5", "SHAPgA3v5\SHAPgA3v5.vcxproj", "{DAC11FE0-4E9C-4D00-B579-2D5D57EF620A}"
EndProject
Global
	GlobalSection(SolutionConfigurationPlatforms) = preSolution
		Debug|Win32 = Debug|Win32
		Release|Win32 = Release|Win32
	EndGlobalSection
	GlobalSection(ProjectConfigurationPlatforms) = postSolution
		{DAC11FE0-4E9C-4D00-B579-2D5D57EF620A}.Debug|Win32.ActiveCfg = Debug|Win32
		{DAC11FE0-4E9C-4D00-B579-2D5D57EF620A}.Debug|Win32.Build.0 = Debug|Win32
		{DAC11FE0-4E9C-4D00-B579-2D5D57EF620A}.Release|Win32.ActiveCfg = Release|Win32
		{DAC11FE0-4E9C-4D00-B579-2D5D57EF620A}.Release|Win32.Build.0 = Release|Win32
	EndGlobalSection
	GlobalSection(SolutionProperties) = preSolution
		HideSolutionNode = FALSE
	EndGlobalSection
EndGlobal
