
Microsoft Visual Studio Solution File, Format Version 12.00
# Visual Studio 2012
Project("{8BC9CEB8-8B4A-11D0-8D11-00A0C91BC942}") = "a4v2-shapg", "a4v2-shapg\a4v2-shapg.vcxproj", "{282DE899-AB46-48C4-9B76-ADBC3793FC93}"
EndProject
Global
	GlobalSection(SolutionConfigurationPlatforms) = preSolution
		Debug|Win32 = Debug|Win32
		Release|Win32 = Release|Win32
	EndGlobalSection
	GlobalSection(ProjectConfigurationPlatforms) = postSolution
		{282DE899-AB46-48C4-9B76-ADBC3793FC93}.Debug|Win32.ActiveCfg = Debug|Win32
		{282DE899-AB46-48C4-9B76-ADBC3793FC93}.Debug|Win32.Build.0 = Debug|Win32
		{282DE899-AB46-48C4-9B76-ADBC3793FC93}.Release|Win32.ActiveCfg = Release|Win32
		{282DE899-AB46-48C4-9B76-ADBC3793FC93}.Release|Win32.Build.0 = Release|Win32
	EndGlobalSection
	GlobalSection(SolutionProperties) = preSolution
		HideSolutionNode = FALSE
	EndGlobalSection
EndGlobal
